// !$*UTF8*$!
{
	archiveVersion = 1;
	classes = {
	};
	objectVersion = 56;
	objects = {

/* Begin PBXBuildFile section */
		1583831B2BE68ED2001FEE73 /* SitSmartDetection_SwiftUIApp.swift in Sources */ = {isa = PBXBuildFile; fileRef = 1583831A2BE68ED2001FEE73 /* SitSmartDetection_SwiftUIApp.swift */; };
		1583831D2BE68ED2001FEE73 /* ContentView.swift in Sources */ = {isa = PBXBuildFile; fileRef = 1583831C2BE68ED2001FEE73 /* ContentView.swift */; };
		1583831F2BE68ED3001FEE73 /* Assets.xcassets in Resources */ = {isa = PBXBuildFile; fileRef = 1583831E2BE68ED3001FEE73 /* Assets.xcassets */; };
		158383222BE68ED3001FEE73 /* Preview Assets.xcassets in Resources */ = {isa = PBXBuildFile; fileRef = 158383212BE68ED3001FEE73 /* Preview Assets.xcassets */; };
		158383292BE69CCA001FEE73 /* HistoryView.swift in Sources */ = {isa = PBXBuildFile; fileRef = 158383282BE69CCA001FEE73 /* HistoryView.swift */; };
		15EBFBFD2BF0B2A9009E76AF /* HistoryClass.swift in Sources */ = {isa = PBXBuildFile; fileRef = 15EBFBFC2BF0B2A9009E76AF /* HistoryClass.swift */; };
		15EBFBFF2BF0B325009E76AF /* HistoryPieChart.swift in Sources */ = {isa = PBXBuildFile; fileRef = 15EBFBFE2BF0B325009E76AF /* HistoryPieChart.swift */; };
		15EBFC012BF0B342009E76AF /* HistoryLineChart.swift in Sources */ = {isa = PBXBuildFile; fileRef = 15EBFC002BF0B342009E76AF /* HistoryLineChart.swift */; };
		15EBFC032BF0B35C009E76AF /* HistoryLineChartData.swift in Sources */ = {isa = PBXBuildFile; fileRef = 15EBFC022BF0B35C009E76AF /* HistoryLineChartData.swift */; };
		15EBFC052BF0B377009E76AF /* HistoryPieChartData.swift in Sources */ = {isa = PBXBuildFile; fileRef = 15EBFC042BF0B377009E76AF /* HistoryPieChartData.swift */; };
/* End PBXBuildFile section */

/* Begin PBXFileReference section */
		158383172BE68ED2001FEE73 /* SitSmartDetection_SwiftUI.app */ = {isa = PBXFileReference; explicitFileType = wrapper.application; includeInIndex = 0; path = SitSmartDetection_SwiftUI.app; sourceTree = BUILT_PRODUCTS_DIR; };
		1583831A2BE68ED2001FEE73 /* SitSmartDetection_SwiftUIApp.swift */ = {isa = PBXFileReference; lastKnownFileType = sourcecode.swift; path = SitSmartDetection_SwiftUIApp.swift; sourceTree = "<group>"; };
		1583831C2BE68ED2001FEE73 /* ContentView.swift */ = {isa = PBXFileReference; lastKnownFileType = sourcecode.swift; path = ContentView.swift; sourceTree = "<group>"; };
		1583831E2BE68ED3001FEE73 /* Assets.xcassets */ = {isa = PBXFileReference; lastKnownFileType = folder.assetcatalog; path = Assets.xcassets; sourceTree = "<group>"; };
		158383212BE68ED3001FEE73 /* Preview Assets.xcassets */ = {isa = PBXFileReference; lastKnownFileType = folder.assetcatalog; path = "Preview Assets.xcassets"; sourceTree = "<group>"; };
		158383282BE69CCA001FEE73 /* HistoryView.swift */ = {isa = PBXFileReference; lastKnownFileType = sourcecode.swift; path = HistoryView.swift; sourceTree = "<group>"; };
		15EBFBFC2BF0B2A9009E76AF /* HistoryClass.swift */ = {isa = PBXFileReference; lastKnownFileType = sourcecode.swift; path = HistoryClass.swift; sourceTree = "<group>"; };
		15EBFBFE2BF0B325009E76AF /* HistoryPieChart.swift */ = {isa = PBXFileReference; lastKnownFileType = sourcecode.swift; path = HistoryPieChart.swift; sourceTree = "<group>"; };
		15EBFC002BF0B342009E76AF /* HistoryLineChart.swift */ = {isa = PBXFileReference; lastKnownFileType = sourcecode.swift; path = HistoryLineChart.swift; sourceTree = "<group>"; };
		15EBFC022BF0B35C009E76AF /* HistoryLineChartData.swift */ = {isa = PBXFileReference; lastKnownFileType = sourcecode.swift; path = HistoryLineChartData.swift; sourceTree = "<group>"; };
		15EBFC042BF0B377009E76AF /* HistoryPieChartData.swift */ = {isa = PBXFileReference; lastKnownFileType = sourcecode.swift; path = HistoryPieChartData.swift; sourceTree = "<group>"; };
/* End PBXFileReference section */

/* Begin PBXFrameworksBuildPhase section */
		158383142BE68ED2001FEE73 /* Frameworks */ = {
			isa = PBXFrameworksBuildPhase;
			buildActionMask = 2147483647;
			files = (
			);
			runOnlyForDeploymentPostprocessing = 0;
		};
/* End PBXFrameworksBuildPhase section */

/* Begin PBXGroup section */
		1583830E2BE68ED2001FEE73 = {
			isa = PBXGroup;
			children = (
				158383192BE68ED2001FEE73 /* SitSmartDetection_SwiftUI */,
				158383182BE68ED2001FEE73 /* Products */,
			);
			sourceTree = "<group>";
		};
		158383182BE68ED2001FEE73 /* Products */ = {
			isa = PBXGroup;
			children = (
				158383172BE68ED2001FEE73 /* SitSmartDetection_SwiftUI.app */,
			);
			name = Products;
			sourceTree = "<group>";
		};
		158383192BE68ED2001FEE73 /* SitSmartDetection_SwiftUI */ = {
			isa = PBXGroup;
			children = (
				1583831A2BE68ED2001FEE73 /* SitSmartDetection_SwiftUIApp.swift */,
				1583831C2BE68ED2001FEE73 /* ContentView.swift */,
				15EBFC022BF0B35C009E76AF /* HistoryLineChartData.swift */,
				15EBFC042BF0B377009E76AF /* HistoryPieChartData.swift */,
				158383282BE69CCA001FEE73 /* HistoryView.swift */,
				15EBFBFC2BF0B2A9009E76AF /* HistoryClass.swift */,
				15EBFBFE2BF0B325009E76AF /* HistoryPieChart.swift */,
				15EBFC002BF0B342009E76AF /* HistoryLineChart.swift */,
				1583831E2BE68ED3001FEE73 /* Assets.xcassets */,
				158383202BE68ED3001FEE73 /* Preview Content */,
			);
			path = SitSmartDetection_SwiftUI;
			sourceTree = "<group>";
		};
		158383202BE68ED3001FEE73 /* Preview Content */ = {
			isa = PBXGroup;
			children = (
				158383212BE68ED3001FEE73 /* Preview Assets.xcassets */,
			);
			path = "Preview Content";
			sourceTree = "<group>";
		};
/* End PBXGroup section */

/* Begin PBXNativeTarget section */
		158383162BE68ED2001FEE73 /* SitSmartDetection_SwiftUI */ = {
			isa = PBXNativeTarget;
			buildConfigurationList = 158383252BE68ED3001FEE73 /* Build configuration list for PBXNativeTarget "SitSmartDetection_SwiftUI" */;
			buildPhases = (
				158383132BE68ED2001FEE73 /* Sources */,
				158383142BE68ED2001FEE73 /* Frameworks */,
				158383152BE68ED2001FEE73 /* Resources */,
			);
			buildRules = (
			);
			dependencies = (
			);
			name = SitSmartDetection_SwiftUI;
			productName = SitSmartDetection_SwiftUI;
			productReference = 158383172BE68ED2001FEE73 /* SitSmartDetection_SwiftUI.app */;
			productType = "com.apple.product-type.application";
		};
/* End PBXNativeTarget section */

/* Begin PBXProject section */
		1583830F2BE68ED2001FEE73 /* Project object */ = {
			isa = PBXProject;
			attributes = {
				BuildIndependentTargetsInParallel = 1;
				LastSwiftUpdateCheck = 1530;
				LastUpgradeCheck = 1530;
				TargetAttributes = {
					158383162BE68ED2001FEE73 = {
						CreatedOnToolsVersion = 15.3;
					};
				};
			};
			buildConfigurationList = 158383122BE68ED2001FEE73 /* Build configuration list for PBXProject "SitSmartDetection_SwiftUI" */;
			compatibilityVersion = "Xcode 14.0";
			developmentRegion = en;
			hasScannedForEncodings = 0;
			knownRegions = (
				en,
				Base,
			);
			mainGroup = 1583830E2BE68ED2001FEE73;
			productRefGroup = 158383182BE68ED2001FEE73 /* Products */;
			projectDirPath = "";
			projectRoot = "";
			targets = (
				158383162BE68ED2001FEE73 /* SitSmartDetection_SwiftUI */,
			);
		};
/* End PBXProject section */

/* Begin PBXResourcesBuildPhase section */
		158383152BE68ED2001FEE73 /* Resources */ = {
			isa = PBXResourcesBuildPhase;
			buildActionMask = 2147483647;
			files = (
				158383222BE68ED3001FEE73 /* Preview Assets.xcassets in Resources */,
				1583831F2BE68ED3001FEE73 /* Assets.xcassets in Resources */,
			);
			runOnlyForDeploymentPostprocessing = 0;
		};
/* End PBXResourcesBuildPhase section */

/* Begin PBXSourcesBuildPhase section */
		158383132BE68ED2001FEE73 /* Sources */ = {
			isa = PBXSourcesBuildPhase;
			buildActionMask = 2147483647;
			files = (
				15EBFC052BF0B377009E76AF /* HistoryPieChartData.swift in Sources */,
				1583831D2BE68ED2001FEE73 /* ContentView.swift in Sources */,
				15EBFBFD2BF0B2A9009E76AF /* HistoryClass.swift in Sources */,
				15EBFC032BF0B35C009E76AF /* HistoryLineChartData.swift in Sources */,
				158383292BE69CCA001FEE73 /* HistoryView.swift in Sources */,
				15EBFC012BF0B342009E76AF /* HistoryLineChart.swift in Sources */,
				1583831B2BE68ED2001FEE73 /* SitSmartDetection_SwiftUIApp.swift in Sources */,
				15EBFBFF2BF0B325009E76AF /* HistoryPieChart.swift in Sources */,
			);
			runOnlyForDeploymentPostprocessing = 0;
		};
/* End PBXSourcesBuildPhase section */

/* Begin XCBuildConfiguration section */
		158383232BE68ED3001FEE73 /* Debug */ = {
			isa = XCBuildConfiguration;
			buildSettings = {
				ALWAYS_SEARCH_USER_PATHS = NO;
				ASSETCATALOG_COMPILER_GENERATE_SWIFT_ASSET_SYMBOL_EXTENSIONS = YES;
				CLANG_ANALYZER_NONNULL = YES;
				CLANG_ANALYZER_NUMBER_OBJECT_CONVERSION = YES_AGGRESSIVE;
				CLANG_CXX_LANGUAGE_STANDARD = "gnu++20";
				CLANG_ENABLE_MODULES = YES;
				CLANG_ENABLE_OBJC_ARC = YES;
				CLANG_ENABLE_OBJC_WEAK = YES;
				CLANG_WARN_BLOCK_CAPTURE_AUTORELEASING = YES;
				CLANG_WARN_BOOL_CONVERSION = YES;
				CLANG_WARN_COMMA = YES;
				CLANG_WARN_CONSTANT_CONVERSION = YES;
				CLANG_WARN_DEPRECATED_OBJC_IMPLEMENTATIONS = YES;
				CLANG_WARN_DIRECT_OBJC_ISA_USAGE = YES_ERROR;
				CLANG_WARN_DOCUMENTATION_COMMENTS = YES;
				CLANG_WARN_EMPTY_BODY = YES;
				CLANG_WARN_ENUM_CONVERSION = YES;
				CLANG_WARN_INFINITE_RECURSION = YES;
				CLANG_WARN_INT_CONVERSION = YES;
				CLANG_WARN_NON_LITERAL_NULL_CONVERSION = YES;
				CLANG_WARN_OBJC_IMPLICIT_RETAIN_SELF = YES;
				CLANG_WARN_OBJC_LITERAL_CONVERSION = YES;
				CLANG_WARN_OBJC_ROOT_CLASS = YES_ERROR;
				CLANG_WARN_QUOTED_INCLUDE_IN_FRAMEWORK_HEADER = YES;
				CLANG_WARN_RANGE_LOOP_ANALYSIS = YES;
				CLANG_WARN_STRICT_PROTOTYPES = YES;
				CLANG_WARN_SUSPICIOUS_MOVE = YES;
				CLANG_WARN_UNGUARDED_AVAILABILITY = YES_AGGRESSIVE;
				CLANG_WARN_UNREACHABLE_CODE = YES;
				CLANG_WARN__DUPLICATE_METHOD_MATCH = YES;
				COPY_PHASE_STRIP = NO;
				DEBUG_INFORMATION_FORMAT = dwarf;
				ENABLE_STRICT_OBJC_MSGSEND = YES;
				ENABLE_TESTABILITY = YES;
				ENABLE_USER_SCRIPT_SANDBOXING = YES;
				GCC_C_LANGUAGE_STANDARD = gnu17;
				GCC_DYNAMIC_NO_PIC = NO;
				GCC_NO_COMMON_BLOCKS = YES;
				GCC_OPTIMIZATION_LEVEL = 0;
				GCC_PREPROCESSOR_DEFINITIONS = (
					"DEBUG=1",
					"$(inherited)",
				);
				GCC_WARN_64_TO_32_BIT_CONVERSION = YES;
				GCC_WARN_ABOUT_RETURN_TYPE = YES_ERROR;
				GCC_WARN_UNDECLARED_SELECTOR = YES;
				GCC_WARN_UNINITIALIZED_AUTOS = YES_AGGRESSIVE;
				GCC_WARN_UNUSED_FUNCTION = YES;
				GCC_WARN_UNUSED_VARIABLE = YES;
				IPHONEOS_DEPLOYMENT_TARGET = 17.4;
				LOCALIZATION_PREFERS_STRING_CATALOGS = YES;
				MTL_ENABLE_DEBUG_INFO = INCLUDE_SOURCE;
				MTL_FAST_MATH = YES;
				ONLY_ACTIVE_ARCH = YES;
				SDKROOT = iphoneos;
				SWIFT_ACTIVE_COMPILATION_CONDITIONS = "DEBUG $(inherited)";
				SWIFT_OPTIMIZATION_LEVEL = "-Onone";
			};
			name = Debug;
		};
		158383242BE68ED3001FEE73 /* Release */ = {
			isa = XCBuildConfiguration;
			buildSettings = {
				ALWAYS_SEARCH_USER_PATHS = NO;
				ASSETCATALOG_COMPILER_GENERATE_SWIFT_ASSET_SYMBOL_EXTENSIONS = YES;
				CLANG_ANALYZER_NONNULL = YES;
				CLANG_ANALYZER_NUMBER_OBJECT_CONVERSION = YES_AGGRESSIVE;
				CLANG_CXX_LANGUAGE_STANDARD = "gnu++20";
				CLANG_ENABLE_MODULES = YES;
				CLANG_ENABLE_OBJC_ARC = YES;
				CLANG_ENABLE_OBJC_WEAK = YES;
				CLANG_WARN_BLOCK_CAPTURE_AUTORELEASING = YES;
				CLANG_WARN_BOOL_CONVERSION = YES;
				CLANG_WARN_COMMA = YES;
				CLANG_WARN_CONSTANT_CONVERSION = YES;
				CLANG_WARN_DEPRECATED_OBJC_IMPLEMENTATIONS = YES;
				CLANG_WARN_DIRECT_OBJC_ISA_USAGE = YES_ERROR;
				CLANG_WARN_DOCUMENTATION_COMMENTS = YES;
				CLANG_WARN_EMPTY_BODY = YES;
				CLANG_WARN_ENUM_CONVERSION = YES;
				CLANG_WARN_INFINITE_RECURSION = YES;
				CLANG_WARN_INT_CONVERSION = YES;
				CLANG_WARN_NON_LITERAL_NULL_CONVERSION = YES;
				CLANG_WARN_OBJC_IMPLICIT_RETAIN_SELF = YES;
				CLANG_WARN_OBJC_LITERAL_CONVERSION = YES;
				CLANG_WARN_OBJC_ROOT_CLASS = YES_ERROR;
				CLANG_WARN_QUOTED_INCLUDE_IN_FRAMEWORK_HEADER = YES;
				CLANG_WARN_RANGE_LOOP_ANALYSIS = YES;
				CLANG_WARN_STRICT_PROTOTYPES = YES;
				CLANG_WARN_SUSPICIOUS_MOVE = YES;
				CLANG_WARN_UNGUARDED_AVAILABILITY = YES_AGGRESSIVE;
				CLANG_WARN_UNREACHABLE_CODE = YES;
				CLANG_WARN__DUPLICATE_METHOD_MATCH = YES;
				COPY_PHASE_STRIP = NO;
				DEBUG_INFORMATION_FORMAT = "dwarf-with-dsym";
				ENABLE_NS_ASSERTIONS = NO;
				ENABLE_STRICT_OBJC_MSGSEND = YES;
				ENABLE_USER_SCRIPT_SANDBOXING = YES;
				GCC_C_LANGUAGE_STANDARD = gnu17;
				GCC_NO_COMMON_BLOCKS = YES;
				GCC_WARN_64_TO_32_BIT_CONVERSION = YES;
				GCC_WARN_ABOUT_RETURN_TYPE = YES_ERROR;
				GCC_WARN_UNDECLARED_SELECTOR = YES;
				GCC_WARN_UNINITIALIZED_AUTOS = YES_AGGRESSIVE;
				GCC_WARN_UNUSED_FUNCTION = YES;
				GCC_WARN_UNUSED_VARIABLE = YES;
				IPHONEOS_DEPLOYMENT_TARGET = 17.4;
				LOCALIZATION_PREFERS_STRING_CATALOGS = YES;
				MTL_ENABLE_DEBUG_INFO = NO;
				MTL_FAST_MATH = YES;
				SDKROOT = iphoneos;
				SWIFT_COMPILATION_MODE = wholemodule;
				VALIDATE_PRODUCT = YES;
			};
			name = Release;
		};
		158383262BE68ED3001FEE73 /* Debug */ = {
			isa = XCBuildConfiguration;
			buildSettings = {
				ASSETCATALOG_COMPILER_APPICON_NAME = AppIcon;
				ASSETCATALOG_COMPILER_GLOBAL_ACCENT_COLOR_NAME = AccentColor;
				CODE_SIGN_STYLE = Automatic;
				CURRENT_PROJECT_VERSION = 1;
				DEVELOPMENT_ASSET_PATHS = "\"SitSmartDetection_SwiftUI/Preview Content\"";
				DEVELOPMENT_TEAM = U8AADC9849;
				ENABLE_PREVIEWS = YES;
				GENERATE_INFOPLIST_FILE = YES;
				INFOPLIST_KEY_UIApplicationSceneManifest_Generation = YES;
				INFOPLIST_KEY_UIApplicationSupportsIndirectInputEvents = YES;
				INFOPLIST_KEY_UILaunchScreen_Generation = YES;
				INFOPLIST_KEY_UISupportedInterfaceOrientations_iPad = "UIInterfaceOrientationPortrait UIInterfaceOrientationPortraitUpsideDown UIInterfaceOrientationLandscapeLeft UIInterfaceOrientationLandscapeRight";
				INFOPLIST_KEY_UISupportedInterfaceOrientations_iPhone = "UIInterfaceOrientationPortrait UIInterfaceOrientationLandscapeLeft UIInterfaceOrientationLandscapeRight";
				LD_RUNPATH_SEARCH_PATHS = (
					"$(inherited)",
					"@executable_path/Frameworks",
				);
				MARKETING_VERSION = 1.0;
				PRODUCT_BUNDLE_IDENTIFIER = "SunnyChan.SitSmartDetection-SwiftUI";
				PRODUCT_NAME = "$(TARGET_NAME)";
				SWIFT_EMIT_LOC_STRINGS = YES;
				SWIFT_VERSION = 5.0;
				TARGETED_DEVICE_FAMILY = "1,2";
			};
			name = Debug;
		};
		158383272BE68ED3001FEE73 /* Release */ = {
			isa = XCBuildConfiguration;
			buildSettings = {
				ASSETCATALOG_COMPILER_APPICON_NAME = AppIcon;
				ASSETCATALOG_COMPILER_GLOBAL_ACCENT_COLOR_NAME = AccentColor;
				CODE_SIGN_STYLE = Automatic;
				CURRENT_PROJECT_VERSION = 1;
				DEVELOPMENT_ASSET_PATHS = "\"SitSmartDetection_SwiftUI/Preview Content\"";
				DEVELOPMENT_TEAM = U8AADC9849;
				ENABLE_PREVIEWS = YES;
				GENERATE_INFOPLIST_FILE = YES;
				INFOPLIST_KEY_UIApplicationSceneManifest_Generation = YES;
				INFOPLIST_KEY_UIApplicationSupportsIndirectInputEvents = YES;
				INFOPLIST_KEY_UILaunchScreen_Generation = YES;
				INFOPLIST_KEY_UISupportedInterfaceOrientations_iPad = "UIInterfaceOrientationPortrait UIInterfaceOrientationPortraitUpsideDown UIInterfaceOrientationLandscapeLeft UIInterfaceOrientationLandscapeRight";
				INFOPLIST_KEY_UISupportedInterfaceOrientations_iPhone = "UIInterfaceOrientationPortrait UIInterfaceOrientationLandscapeLeft UIInterfaceOrientationLandscapeRight";
				LD_RUNPATH_SEARCH_PATHS = (
					"$(inherited)",
					"@executable_path/Frameworks",
				);
				MARKETING_VERSION = 1.0;
				PRODUCT_BUNDLE_IDENTIFIER = "SunnyChan.SitSmartDetection-SwiftUI";
				PRODUCT_NAME = "$(TARGET_NAME)";
				SWIFT_EMIT_LOC_STRINGS = YES;
				SWIFT_VERSION = 5.0;
				TARGETED_DEVICE_FAMILY = "1,2";
			};
			name = Release;
		};
/* End XCBuildConfiguration section */

/* Begin XCConfigurationList section */
		158383122BE68ED2001FEE73 /* Build configuration list for PBXProject "SitSmartDetection_SwiftUI" */ = {
			isa = XCConfigurationList;
			buildConfigurations = (
				158383232BE68ED3001FEE73 /* Debug */,
				158383242BE68ED3001FEE73 /* Release */,
			);
			defaultConfigurationIsVisible = 0;
			defaultConfigurationName = Release;
		};
		158383252BE68ED3001FEE73 /* Build configuration list for PBXNativeTarget "SitSmartDetection_SwiftUI" */ = {
			isa = XCConfigurationList;
			buildConfigurations = (
				158383262BE68ED3001FEE73 /* Debug */,
				158383272BE68ED3001FEE73 /* Release */,
			);
			defaultConfigurationIsVisible = 0;
			defaultConfigurationName = Release;
		};
/* End XCConfigurationList section */
	};
	rootObject = 1583830F2BE68ED2001FEE73 /* Project object */;
}
