// !$*UTF8*$!
{
	archiveVersion = 1;
	classes = {
	};
	objectVersion = 56;
	objects = {

/* Begin PBXBuildFile section */
		1505BCF42BFD0A9A00F53D7B /* SittingStandardView.swift in Sources */ = {isa = PBXBuildFile; fileRef = 1505BCF32BFD0A9A00F53D7B /* SittingStandardView.swift */; };
		1555B6352BFC5A1000BBEF69 /* BadgesView.swift in Sources */ = {isa = PBXBuildFile; fileRef = 1555B6342BFC5A1000BBEF69 /* BadgesView.swift */; };
		1555B6372BFC72F600BBEF69 /* BadgesDetailView.swift in Sources */ = {isa = PBXBuildFile; fileRef = 1555B6362BFC72F600BBEF69 /* BadgesDetailView.swift */; };
		1583831B2BE68ED2001FEE73 /* SitSmartDetection_SwiftUIApp.swift in Sources */ = {isa = PBXBuildFile; fileRef = 1583831A2BE68ED2001FEE73 /* SitSmartDetection_SwiftUIApp.swift */; };
		1583831D2BE68ED2001FEE73 /* ContentView.swift in Sources */ = {isa = PBXBuildFile; fileRef = 1583831C2BE68ED2001FEE73 /* ContentView.swift */; };
		1583831F2BE68ED3001FEE73 /* Assets.xcassets in Resources */ = {isa = PBXBuildFile; fileRef = 1583831E2BE68ED3001FEE73 /* Assets.xcassets */; };
		158383222BE68ED3001FEE73 /* Preview Assets.xcassets in Resources */ = {isa = PBXBuildFile; fileRef = 158383212BE68ED3001FEE73 /* Preview Assets.xcassets */; };
		158383292BE69CCA001FEE73 /* HistoryView.swift in Sources */ = {isa = PBXBuildFile; fileRef = 158383282BE69CCA001FEE73 /* HistoryView.swift */; };
		15B537D82BF2822100D2A557 /* HomeView.swift in Sources */ = {isa = PBXBuildFile; fileRef = 15B537D72BF2822100D2A557 /* HomeView.swift */; };
		15EBFBFD2BF0B2A9009E76AF /* HistoryClass.swift in Sources */ = {isa = PBXBuildFile; fileRef = 15EBFBFC2BF0B2A9009E76AF /* HistoryClass.swift */; };
		15EBFBFF2BF0B325009E76AF /* HistoryPieChart.swift in Sources */ = {isa = PBXBuildFile; fileRef = 15EBFBFE2BF0B325009E76AF /* HistoryPieChart.swift */; };
		15EBFC012BF0B342009E76AF /* HistoryLineChart.swift in Sources */ = {isa = PBXBuildFile; fileRef = 15EBFC002BF0B342009E76AF /* HistoryLineChart.swift */; };
		15EBFC032BF0B35C009E76AF /* LineChartData.swift in Sources */ = {isa = PBXBuildFile; fileRef = 15EBFC022BF0B35C009E76AF /* LineChartData.swift */; };
		15EBFC052BF0B377009E76AF /* PieChartData.swift in Sources */ = {isa = PBXBuildFile; fileRef = 15EBFC042BF0B377009E76AF /* PieChartData.swift */; };
		63121E612C1718A5005C1974 /* movenet_thunder.tflite in Resources */ = {isa = PBXBuildFile; fileRef = 63121E542C1718A5005C1974 /* movenet_thunder.tflite */; };
		63121E692C171B1A005C1974 /* CameraManager.swift in Sources */ = {isa = PBXBuildFile; fileRef = 63121E682C171B1A005C1974 /* CameraManager.swift */; };
		6321825A2BF0D5FD000BCED0 /* DetectionView.swift in Sources */ = {isa = PBXBuildFile; fileRef = 632182592BF0D5FD000BCED0 /* DetectionView.swift */; };
		6321825C2BF0E593000BCED0 /* DetectionResultData.swift in Sources */ = {isa = PBXBuildFile; fileRef = 6321825B2BF0E593000BCED0 /* DetectionResultData.swift */; };
		632182692BF13343000BCED0 /* GoogleService-Info.plist in Resources */ = {isa = PBXBuildFile; fileRef = 632182682BF13343000BCED0 /* GoogleService-Info.plist */; };
		6321826B2BF2780A000BCED0 /* SignupView.swift in Sources */ = {isa = PBXBuildFile; fileRef = 6321826A2BF2780A000BCED0 /* SignupView.swift */; };
		6321826D2BF2781B000BCED0 /* SigninView.swift in Sources */ = {isa = PBXBuildFile; fileRef = 6321826C2BF2781B000BCED0 /* SigninView.swift */; };
		6330E6662C1874F10052FA7D /* PoseEstimator.swift in Sources */ = {isa = PBXBuildFile; fileRef = 6330E6652C1874F10052FA7D /* PoseEstimator.swift */; };
		6330E6682C1875320052FA7D /* PoseData.swift in Sources */ = {isa = PBXBuildFile; fileRef = 6330E6672C1875320052FA7D /* PoseData.swift */; };
		6330E66A2C1875730052FA7D /* MoveNet.swift in Sources */ = {isa = PBXBuildFile; fileRef = 6330E6692C1875730052FA7D /* MoveNet.swift */; };
		6330E66C2C18759B0052FA7D /* PoseConfig.swift in Sources */ = {isa = PBXBuildFile; fileRef = 6330E66B2C18759B0052FA7D /* PoseConfig.swift */; };
		6330E6712C18885E0052FA7D /* CGSize+TFLite.swift in Sources */ = {isa = PBXBuildFile; fileRef = 6330E66D2C18885E0052FA7D /* CGSize+TFLite.swift */; };
		6330E6722C18885E0052FA7D /* CVPixelBuffer+TFLite.swift in Sources */ = {isa = PBXBuildFile; fileRef = 6330E66E2C18885E0052FA7D /* CVPixelBuffer+TFLite.swift */; };
		6330E6732C18885E0052FA7D /* Data+TFLite.swift in Sources */ = {isa = PBXBuildFile; fileRef = 6330E66F2C18885E0052FA7D /* Data+TFLite.swift */; };
		6330E6752C18A8570052FA7D /* OverlayView.swift in Sources */ = {isa = PBXBuildFile; fileRef = 6330E6742C18A8570052FA7D /* OverlayView.swift */; };
		6330E6782C18BEB60052FA7D /* Body.tflite in Resources */ = {isa = PBXBuildFile; fileRef = 6330E6772C18BEB60052FA7D /* Body.tflite */; };
		6330E67A2C18BED70052FA7D /* Feet.tflite in Resources */ = {isa = PBXBuildFile; fileRef = 6330E6792C18BED70052FA7D /* Feet.tflite */; };
		6330E67C2C18BEEC0052FA7D /* Head.tflite in Resources */ = {isa = PBXBuildFile; fileRef = 6330E67B2C18BEEC0052FA7D /* Head.tflite */; };
		6330E67E2C18BEFE0052FA7D /* Neck.tflite in Resources */ = {isa = PBXBuildFile; fileRef = 6330E67D2C18BEFE0052FA7D /* Neck.tflite */; };
		6330E6802C18BF2C0052FA7D /* Shoulder.tflite in Resources */ = {isa = PBXBuildFile; fileRef = 6330E67F2C18BF2C0052FA7D /* Shoulder.tflite */; };
		6330E6822C18C1E40052FA7D /* postureClassifier.swift in Sources */ = {isa = PBXBuildFile; fileRef = 6330E6812C18C1E40052FA7D /* postureClassifier.swift */; };
		6330E6842C19DC080052FA7D /* HistoryDataModel.swift in Sources */ = {isa = PBXBuildFile; fileRef = 6330E6832C19DC080052FA7D /* HistoryDataModel.swift */; };
		634111D62BFB2F5B00A8FF53 /* .gitattributes in Resources */ = {isa = PBXBuildFile; fileRef = 634111D52BFB2F5B00A8FF53 /* .gitattributes */; };
		634111D82BFB355A00A8FF53 /* FirebaseAuth in Frameworks */ = {isa = PBXBuildFile; productRef = 634111D72BFB355A00A8FF53 /* FirebaseAuth */; };
		634111DA2BFB355A00A8FF53 /* FirebaseFirestoreSwift in Frameworks */ = {isa = PBXBuildFile; productRef = 634111D92BFB355A00A8FF53 /* FirebaseFirestoreSwift */; };
		634111DC2BFB355A00A8FF53 /* FirebaseStorage in Frameworks */ = {isa = PBXBuildFile; productRef = 634111DB2BFB355A00A8FF53 /* FirebaseStorage */; };
		634112042BFF1B9B00A8FF53 /* ProfileSettingView.swift in Sources */ = {isa = PBXBuildFile; fileRef = 634112032BFF1B9B00A8FF53 /* ProfileSettingView.swift */; };
		634112062BFF246700A8FF53 /* ProfileCustomizationView.swift in Sources */ = {isa = PBXBuildFile; fileRef = 634112052BFF246700A8FF53 /* ProfileCustomizationView.swift */; };
		6344D8252BF38AD6002E0B18 /* AuthView.swift in Sources */ = {isa = PBXBuildFile; fileRef = 6344D8242BF38AD6002E0B18 /* AuthView.swift */; };
		636239602BF700C8007836A7 /* ProfileView.swift in Sources */ = {isa = PBXBuildFile; fileRef = 6362395F2BF700C8007836A7 /* ProfileView.swift */; };
		6B3D69752BFF26D300227C5A /* FriendsView.swift in Sources */ = {isa = PBXBuildFile; fileRef = 6B3D69742BFF26D300227C5A /* FriendsView.swift */; };
		6B3D69772BFF2A3E00227C5A /* FriendsRow.swift in Sources */ = {isa = PBXBuildFile; fileRef = 6B3D69762BFF2A3E00227C5A /* FriendsRow.swift */; };
		6B3D69792BFF4FD700227C5A /* MeRow.swift in Sources */ = {isa = PBXBuildFile; fileRef = 6B3D69782BFF4FD700227C5A /* MeRow.swift */; };
		6B3D697B2BFF5A8600227C5A /* MeScoreRow.swift in Sources */ = {isa = PBXBuildFile; fileRef = 6B3D697A2BFF5A8600227C5A /* MeScoreRow.swift */; };
		6B3D697D2BFF5C1D00227C5A /* FriendsScoreRow.swift in Sources */ = {isa = PBXBuildFile; fileRef = 6B3D697C2BFF5C1D00227C5A /* FriendsScoreRow.swift */; };
		6B98B3B42BF38B1E00C57B53 /* HomeView_PieChart.swift in Sources */ = {isa = PBXBuildFile; fileRef = 6B98B3B32BF38B1E00C57B53 /* HomeView_PieChart.swift */; };
		6BE22D0F2BFDDE1800FCFF06 /* CalProgressRatio.swift in Sources */ = {isa = PBXBuildFile; fileRef = 6BE22D0E2BFDDE1800FCFF06 /* CalProgressRatio.swift */; };
		D43812C71F4C814D77404241 /* Pods_SitSmartDetection_SwiftUI.framework in Frameworks */ = {isa = PBXBuildFile; fileRef = 2523A9A28A0FC0884A57A035 /* Pods_SitSmartDetection_SwiftUI.framework */; };
/* End PBXBuildFile section */

/* Begin PBXFileReference section */
		1505BCF32BFD0A9A00F53D7B /* SittingStandardView.swift */ = {isa = PBXFileReference; lastKnownFileType = sourcecode.swift; path = SittingStandardView.swift; sourceTree = "<group>"; };
		1555B6342BFC5A1000BBEF69 /* BadgesView.swift */ = {isa = PBXFileReference; lastKnownFileType = sourcecode.swift; path = BadgesView.swift; sourceTree = "<group>"; };
		1555B6362BFC72F600BBEF69 /* BadgesDetailView.swift */ = {isa = PBXFileReference; lastKnownFileType = sourcecode.swift; path = BadgesDetailView.swift; sourceTree = "<group>"; };
		158383172BE68ED2001FEE73 /* SitSmartDetection_SwiftUI.app */ = {isa = PBXFileReference; explicitFileType = wrapper.application; includeInIndex = 0; path = SitSmartDetection_SwiftUI.app; sourceTree = BUILT_PRODUCTS_DIR; };
		1583831A2BE68ED2001FEE73 /* SitSmartDetection_SwiftUIApp.swift */ = {isa = PBXFileReference; lastKnownFileType = sourcecode.swift; path = SitSmartDetection_SwiftUIApp.swift; sourceTree = "<group>"; };
		1583831C2BE68ED2001FEE73 /* ContentView.swift */ = {isa = PBXFileReference; lastKnownFileType = sourcecode.swift; path = ContentView.swift; sourceTree = "<group>"; };
		1583831E2BE68ED3001FEE73 /* Assets.xcassets */ = {isa = PBXFileReference; lastKnownFileType = folder.assetcatalog; path = Assets.xcassets; sourceTree = "<group>"; };
		158383212BE68ED3001FEE73 /* Preview Assets.xcassets */ = {isa = PBXFileReference; lastKnownFileType = folder.assetcatalog; path = "Preview Assets.xcassets"; sourceTree = "<group>"; };
		158383282BE69CCA001FEE73 /* HistoryView.swift */ = {isa = PBXFileReference; lastKnownFileType = sourcecode.swift; path = HistoryView.swift; sourceTree = "<group>"; };
		15B537D72BF2822100D2A557 /* HomeView.swift */ = {isa = PBXFileReference; lastKnownFileType = sourcecode.swift; path = HomeView.swift; sourceTree = "<group>"; };
		15EBFBFC2BF0B2A9009E76AF /* HistoryClass.swift */ = {isa = PBXFileReference; lastKnownFileType = sourcecode.swift; path = HistoryClass.swift; sourceTree = "<group>"; };
		15EBFBFE2BF0B325009E76AF /* HistoryPieChart.swift */ = {isa = PBXFileReference; lastKnownFileType = sourcecode.swift; path = HistoryPieChart.swift; sourceTree = "<group>"; };
		15EBFC002BF0B342009E76AF /* HistoryLineChart.swift */ = {isa = PBXFileReference; lastKnownFileType = sourcecode.swift; path = HistoryLineChart.swift; sourceTree = "<group>"; };
		15EBFC022BF0B35C009E76AF /* LineChartData.swift */ = {isa = PBXFileReference; lastKnownFileType = sourcecode.swift; path = LineChartData.swift; sourceTree = "<group>"; };
		15EBFC042BF0B377009E76AF /* PieChartData.swift */ = {isa = PBXFileReference; lastKnownFileType = sourcecode.swift; path = PieChartData.swift; sourceTree = "<group>"; };
		2523A9A28A0FC0884A57A035 /* Pods_SitSmartDetection_SwiftUI.framework */ = {isa = PBXFileReference; explicitFileType = wrapper.framework; includeInIndex = 0; path = Pods_SitSmartDetection_SwiftUI.framework; sourceTree = BUILT_PRODUCTS_DIR; };
		63121E542C1718A5005C1974 /* movenet_thunder.tflite */ = {isa = PBXFileReference; lastKnownFileType = file; path = movenet_thunder.tflite; sourceTree = "<group>"; };
		63121E682C171B1A005C1974 /* CameraManager.swift */ = {isa = PBXFileReference; lastKnownFileType = sourcecode.swift; path = CameraManager.swift; sourceTree = "<group>"; };
		632182592BF0D5FD000BCED0 /* DetectionView.swift */ = {isa = PBXFileReference; lastKnownFileType = sourcecode.swift; path = DetectionView.swift; sourceTree = "<group>"; };
		6321825B2BF0E593000BCED0 /* DetectionResultData.swift */ = {isa = PBXFileReference; lastKnownFileType = sourcecode.swift; path = DetectionResultData.swift; sourceTree = "<group>"; };
		632182682BF13343000BCED0 /* GoogleService-Info.plist */ = {isa = PBXFileReference; fileEncoding = 4; lastKnownFileType = text.plist.xml; path = "GoogleService-Info.plist"; sourceTree = "<group>"; };
		6321826A2BF2780A000BCED0 /* SignupView.swift */ = {isa = PBXFileReference; lastKnownFileType = sourcecode.swift; path = SignupView.swift; sourceTree = "<group>"; };
		6321826C2BF2781B000BCED0 /* SigninView.swift */ = {isa = PBXFileReference; lastKnownFileType = sourcecode.swift; path = SigninView.swift; sourceTree = "<group>"; };
		6330E6652C1874F10052FA7D /* PoseEstimator.swift */ = {isa = PBXFileReference; lastKnownFileType = sourcecode.swift; path = PoseEstimator.swift; sourceTree = "<group>"; };
		6330E6672C1875320052FA7D /* PoseData.swift */ = {isa = PBXFileReference; lastKnownFileType = sourcecode.swift; path = PoseData.swift; sourceTree = "<group>"; };
		6330E6692C1875730052FA7D /* MoveNet.swift */ = {isa = PBXFileReference; lastKnownFileType = sourcecode.swift; path = MoveNet.swift; sourceTree = "<group>"; };
		6330E66B2C18759B0052FA7D /* PoseConfig.swift */ = {isa = PBXFileReference; lastKnownFileType = sourcecode.swift; path = PoseConfig.swift; sourceTree = "<group>"; };
		6330E66D2C18885E0052FA7D /* CGSize+TFLite.swift */ = {isa = PBXFileReference; fileEncoding = 4; lastKnownFileType = sourcecode.swift; path = "CGSize+TFLite.swift"; sourceTree = "<group>"; };
		6330E66E2C18885E0052FA7D /* CVPixelBuffer+TFLite.swift */ = {isa = PBXFileReference; fileEncoding = 4; lastKnownFileType = sourcecode.swift; path = "CVPixelBuffer+TFLite.swift"; sourceTree = "<group>"; };
		6330E66F2C18885E0052FA7D /* Data+TFLite.swift */ = {isa = PBXFileReference; fileEncoding = 4; lastKnownFileType = sourcecode.swift; path = "Data+TFLite.swift"; sourceTree = "<group>"; };
		6330E6742C18A8570052FA7D /* OverlayView.swift */ = {isa = PBXFileReference; fileEncoding = 4; lastKnownFileType = sourcecode.swift; path = OverlayView.swift; sourceTree = "<group>"; };
		6330E6772C18BEB60052FA7D /* Body.tflite */ = {isa = PBXFileReference; lastKnownFileType = file; path = Body.tflite; sourceTree = "<group>"; };
		6330E6792C18BED70052FA7D /* Feet.tflite */ = {isa = PBXFileReference; lastKnownFileType = file; path = Feet.tflite; sourceTree = "<group>"; };
		6330E67B2C18BEEC0052FA7D /* Head.tflite */ = {isa = PBXFileReference; lastKnownFileType = file; path = Head.tflite; sourceTree = "<group>"; };
		6330E67D2C18BEFE0052FA7D /* Neck.tflite */ = {isa = PBXFileReference; lastKnownFileType = file; path = Neck.tflite; sourceTree = "<group>"; };
		6330E67F2C18BF2C0052FA7D /* Shoulder.tflite */ = {isa = PBXFileReference; lastKnownFileType = file; path = Shoulder.tflite; sourceTree = "<group>"; };
		6330E6812C18C1E40052FA7D /* postureClassifier.swift */ = {isa = PBXFileReference; lastKnownFileType = sourcecode.swift; path = postureClassifier.swift; sourceTree = "<group>"; };
		6330E6832C19DC080052FA7D /* HistoryDataModel.swift */ = {isa = PBXFileReference; lastKnownFileType = sourcecode.swift; path = HistoryDataModel.swift; sourceTree = "<group>"; };
		634111D52BFB2F5B00A8FF53 /* .gitattributes */ = {isa = PBXFileReference; lastKnownFileType = text; path = .gitattributes; sourceTree = "<group>"; };
		634112032BFF1B9B00A8FF53 /* ProfileSettingView.swift */ = {isa = PBXFileReference; lastKnownFileType = sourcecode.swift; path = ProfileSettingView.swift; sourceTree = "<group>"; };
		634112052BFF246700A8FF53 /* ProfileCustomizationView.swift */ = {isa = PBXFileReference; lastKnownFileType = sourcecode.swift; path = ProfileCustomizationView.swift; sourceTree = "<group>"; };
		6344D8242BF38AD6002E0B18 /* AuthView.swift */ = {isa = PBXFileReference; lastKnownFileType = sourcecode.swift; path = AuthView.swift; sourceTree = "<group>"; };
		6362395F2BF700C8007836A7 /* ProfileView.swift */ = {isa = PBXFileReference; lastKnownFileType = sourcecode.swift; path = ProfileView.swift; sourceTree = "<group>"; };
		63A460FD2BFFA3A3005557E9 /* SitSmartDetection-SwiftUI-Info.plist */ = {isa = PBXFileReference; lastKnownFileType = text.plist; path = "SitSmartDetection-SwiftUI-Info.plist"; sourceTree = SOURCE_ROOT; };
		6B3D69742BFF26D300227C5A /* FriendsView.swift */ = {isa = PBXFileReference; lastKnownFileType = sourcecode.swift; path = FriendsView.swift; sourceTree = "<group>"; };
		6B3D69762BFF2A3E00227C5A /* FriendsRow.swift */ = {isa = PBXFileReference; lastKnownFileType = sourcecode.swift; path = FriendsRow.swift; sourceTree = "<group>"; };
		6B3D69782BFF4FD700227C5A /* MeRow.swift */ = {isa = PBXFileReference; lastKnownFileType = sourcecode.swift; path = MeRow.swift; sourceTree = "<group>"; };
		6B3D697A2BFF5A8600227C5A /* MeScoreRow.swift */ = {isa = PBXFileReference; lastKnownFileType = sourcecode.swift; path = MeScoreRow.swift; sourceTree = "<group>"; };
		6B3D697C2BFF5C1D00227C5A /* FriendsScoreRow.swift */ = {isa = PBXFileReference; lastKnownFileType = sourcecode.swift; path = FriendsScoreRow.swift; sourceTree = "<group>"; };
		6B98B3B32BF38B1E00C57B53 /* HomeView_PieChart.swift */ = {isa = PBXFileReference; lastKnownFileType = sourcecode.swift; path = HomeView_PieChart.swift; sourceTree = "<group>"; };
		6BE22D0E2BFDDE1800FCFF06 /* CalProgressRatio.swift */ = {isa = PBXFileReference; lastKnownFileType = sourcecode.swift; path = CalProgressRatio.swift; sourceTree = "<group>"; };
		BD6A6F4C9FABF03EBFD11F7B /* Pods-SitSmartDetection_SwiftUI.debug.xcconfig */ = {isa = PBXFileReference; includeInIndex = 1; lastKnownFileType = text.xcconfig; name = "Pods-SitSmartDetection_SwiftUI.debug.xcconfig"; path = "Target Support Files/Pods-SitSmartDetection_SwiftUI/Pods-SitSmartDetection_SwiftUI.debug.xcconfig"; sourceTree = "<group>"; };
		D678F5C4C95F661A2B6E704F /* Pods-SitSmartDetection_SwiftUI.release.xcconfig */ = {isa = PBXFileReference; includeInIndex = 1; lastKnownFileType = text.xcconfig; name = "Pods-SitSmartDetection_SwiftUI.release.xcconfig"; path = "Target Support Files/Pods-SitSmartDetection_SwiftUI/Pods-SitSmartDetection_SwiftUI.release.xcconfig"; sourceTree = "<group>"; };
/* End PBXFileReference section */

/* Begin PBXFrameworksBuildPhase section */
		158383142BE68ED2001FEE73 /* Frameworks */ = {
			isa = PBXFrameworksBuildPhase;
			buildActionMask = 2147483647;
			files = (
				634111D82BFB355A00A8FF53 /* FirebaseAuth in Frameworks */,
				634111DA2BFB355A00A8FF53 /* FirebaseFirestoreSwift in Frameworks */,
				634111DC2BFB355A00A8FF53 /* FirebaseStorage in Frameworks */,
				D43812C71F4C814D77404241 /* Pods_SitSmartDetection_SwiftUI.framework in Frameworks */,
			);
			runOnlyForDeploymentPostprocessing = 0;
		};
/* End PBXFrameworksBuildPhase section */

/* Begin PBXGroup section */
		1583830E2BE68ED2001FEE73 = {
			isa = PBXGroup;
			children = (
				634111D52BFB2F5B00A8FF53 /* .gitattributes */,
				158383192BE68ED2001FEE73 /* SitSmartDetection_SwiftUI */,
				158383182BE68ED2001FEE73 /* Products */,
				7625E7ADE9AAE650615F9E09 /* Pods */,
				8CF8A9BC8590A7B525FF2526 /* Frameworks */,
			);
			sourceTree = "<group>";
		};
		158383182BE68ED2001FEE73 /* Products */ = {
			isa = PBXGroup;
			children = (
				158383172BE68ED2001FEE73 /* SitSmartDetection_SwiftUI.app */,
			);
			name = Products;
			sourceTree = "<group>";
		};
		158383192BE68ED2001FEE73 /* SitSmartDetection_SwiftUI */ = {
			isa = PBXGroup;
			children = (
				63A460FD2BFFA3A3005557E9 /* SitSmartDetection-SwiftUI-Info.plist */,
				632182682BF13343000BCED0 /* GoogleService-Info.plist */,
				1583831A2BE68ED2001FEE73 /* SitSmartDetection_SwiftUIApp.swift */,
				1555B6342BFC5A1000BBEF69 /* BadgesView.swift */,
				6BE22D0E2BFDDE1800FCFF06 /* CalProgressRatio.swift */,
				1555B6362BFC72F600BBEF69 /* BadgesDetailView.swift */,
				6B98B3B32BF38B1E00C57B53 /* HomeView_PieChart.swift */,
				1583831C2BE68ED2001FEE73 /* ContentView.swift */,
				15B537D72BF2822100D2A557 /* HomeView.swift */,
				1505BCF32BFD0A9A00F53D7B /* SittingStandardView.swift */,
				158383282BE69CCA001FEE73 /* HistoryView.swift */,
				6B3D69742BFF26D300227C5A /* FriendsView.swift */,
				6B3D697A2BFF5A8600227C5A /* MeScoreRow.swift */,
				6B3D697C2BFF5C1D00227C5A /* FriendsScoreRow.swift */,
				6B3D69762BFF2A3E00227C5A /* FriendsRow.swift */,
				6B3D69782BFF4FD700227C5A /* MeRow.swift */,
				15EBFC022BF0B35C009E76AF /* LineChartData.swift */,
				15EBFC042BF0B377009E76AF /* PieChartData.swift */,
				15EBFBFC2BF0B2A9009E76AF /* HistoryClass.swift */,
				15EBFBFE2BF0B325009E76AF /* HistoryPieChart.swift */,
				15EBFC002BF0B342009E76AF /* HistoryLineChart.swift */,
				632182592BF0D5FD000BCED0 /* DetectionView.swift */,
				63121E682C171B1A005C1974 /* CameraManager.swift */,
				6330E6742C18A8570052FA7D /* OverlayView.swift */,
				6330E6832C19DC080052FA7D /* HistoryDataModel.swift */,
				63BF42332C16E2D800F841C5 /* Movenet */,
				63BF42322C15D68600F841C5 /* DataModel */,
				63BF42312C15D63900F841C5 /* AuthView */,
				634112022BFF1B6C00A8FF53 /* ProfileView */,
				1583831E2BE68ED3001FEE73 /* Assets.xcassets */,
				158383202BE68ED3001FEE73 /* Preview Content */,
			);
			path = SitSmartDetection_SwiftUI;
			sourceTree = "<group>";
		};
		158383202BE68ED3001FEE73 /* Preview Content */ = {
			isa = PBXGroup;
			children = (
				158383212BE68ED3001FEE73 /* Preview Assets.xcassets */,
			);
			path = "Preview Content";
			sourceTree = "<group>";
		};
		6330E6702C18885E0052FA7D /* Extensions */ = {
			isa = PBXGroup;
			children = (
				6330E66D2C18885E0052FA7D /* CGSize+TFLite.swift */,
				6330E66E2C18885E0052FA7D /* CVPixelBuffer+TFLite.swift */,
				6330E66F2C18885E0052FA7D /* Data+TFLite.swift */,
			);
			path = Extensions;
			sourceTree = "<group>";
		};
		6330E6762C18BE9B0052FA7D /* Classification */ = {
			isa = PBXGroup;
			children = (
				6330E67D2C18BEFE0052FA7D /* Neck.tflite */,
				6330E67F2C18BF2C0052FA7D /* Shoulder.tflite */,
				6330E67B2C18BEEC0052FA7D /* Head.tflite */,
				6330E6792C18BED70052FA7D /* Feet.tflite */,
				6330E6772C18BEB60052FA7D /* Body.tflite */,
			);
			path = Classification;
			sourceTree = "<group>";
		};
		634112022BFF1B6C00A8FF53 /* ProfileView */ = {
			isa = PBXGroup;
			children = (
				6362395F2BF700C8007836A7 /* ProfileView.swift */,
				634112032BFF1B9B00A8FF53 /* ProfileSettingView.swift */,
				634112052BFF246700A8FF53 /* ProfileCustomizationView.swift */,
			);
			path = ProfileView;
			sourceTree = "<group>";
		};
		63BF42312C15D63900F841C5 /* AuthView */ = {
			isa = PBXGroup;
			children = (
				6344D8242BF38AD6002E0B18 /* AuthView.swift */,
				6321826A2BF2780A000BCED0 /* SignupView.swift */,
				6321826C2BF2781B000BCED0 /* SigninView.swift */,
			);
			path = AuthView;
			sourceTree = "<group>";
		};
		63BF42322C15D68600F841C5 /* DataModel */ = {
			isa = PBXGroup;
			children = (
				6321825B2BF0E593000BCED0 /* DetectionResultData.swift */,
			);
			path = DataModel;
			sourceTree = "<group>";
		};
		63BF42332C16E2D800F841C5 /* Movenet */ = {
			isa = PBXGroup;
			children = (
				6330E6762C18BE9B0052FA7D /* Classification */,
				6330E6702C18885E0052FA7D /* Extensions */,
				63121E542C1718A5005C1974 /* movenet_thunder.tflite */,
				6330E6652C1874F10052FA7D /* PoseEstimator.swift */,
				6330E6672C1875320052FA7D /* PoseData.swift */,
				6330E6692C1875730052FA7D /* MoveNet.swift */,
				6330E66B2C18759B0052FA7D /* PoseConfig.swift */,
				6330E6812C18C1E40052FA7D /* postureClassifier.swift */,
			);
			path = Movenet;
			sourceTree = "<group>";
		};
		7625E7ADE9AAE650615F9E09 /* Pods */ = {
			isa = PBXGroup;
			children = (
				BD6A6F4C9FABF03EBFD11F7B /* Pods-SitSmartDetection_SwiftUI.debug.xcconfig */,
				D678F5C4C95F661A2B6E704F /* Pods-SitSmartDetection_SwiftUI.release.xcconfig */,
			);
			path = Pods;
			sourceTree = "<group>";
		};
		8CF8A9BC8590A7B525FF2526 /* Frameworks */ = {
			isa = PBXGroup;
			children = (
				2523A9A28A0FC0884A57A035 /* Pods_SitSmartDetection_SwiftUI.framework */,
			);
			name = Frameworks;
			sourceTree = "<group>";
		};
/* End PBXGroup section */

/* Begin PBXNativeTarget section */
		158383162BE68ED2001FEE73 /* SitSmartDetection_SwiftUI */ = {
			isa = PBXNativeTarget;
			buildConfigurationList = 158383252BE68ED3001FEE73 /* Build configuration list for PBXNativeTarget "SitSmartDetection_SwiftUI" */;
			buildPhases = (
				0EEDD32C1AE3DBEE7AF7927E /* [CP] Check Pods Manifest.lock */,
				158383132BE68ED2001FEE73 /* Sources */,
				158383142BE68ED2001FEE73 /* Frameworks */,
				158383152BE68ED2001FEE73 /* Resources */,
			);
			buildRules = (
			);
			dependencies = (
			);
			name = SitSmartDetection_SwiftUI;
			packageProductDependencies = (
				634111D72BFB355A00A8FF53 /* FirebaseAuth */,
				634111D92BFB355A00A8FF53 /* FirebaseFirestoreSwift */,
				634111DB2BFB355A00A8FF53 /* FirebaseStorage */,
			);
			productName = SitSmartDetection_SwiftUI;
			productReference = 158383172BE68ED2001FEE73 /* SitSmartDetection_SwiftUI.app */;
			productType = "com.apple.product-type.application";
		};
/* End PBXNativeTarget section */

/* Begin PBXProject section */
		1583830F2BE68ED2001FEE73 /* Project object */ = {
			isa = PBXProject;
			attributes = {
				BuildIndependentTargetsInParallel = 1;
				LastSwiftUpdateCheck = 1530;
				LastUpgradeCheck = 1530;
				TargetAttributes = {
					158383162BE68ED2001FEE73 = {
						CreatedOnToolsVersion = 15.3;
					};
				};
			};
			buildConfigurationList = 158383122BE68ED2001FEE73 /* Build configuration list for PBXProject "SitSmartDetection_SwiftUI" */;
			compatibilityVersion = "Xcode 14.0";
			developmentRegion = en;
			hasScannedForEncodings = 0;
			knownRegions = (
				en,
				Base,
			);
			mainGroup = 1583830E2BE68ED2001FEE73;
			packageReferences = (
				632182612BF12AFB000BCED0 /* XCRemoteSwiftPackageReference "firebase-ios-sdk" */,
			);
			productRefGroup = 158383182BE68ED2001FEE73 /* Products */;
			projectDirPath = "";
			projectRoot = "";
			targets = (
				158383162BE68ED2001FEE73 /* SitSmartDetection_SwiftUI */,
			);
		};
/* End PBXProject section */

/* Begin PBXResourcesBuildPhase section */
		158383152BE68ED2001FEE73 /* Resources */ = {
			isa = PBXResourcesBuildPhase;
			buildActionMask = 2147483647;
			files = (
				158383222BE68ED3001FEE73 /* Preview Assets.xcassets in Resources */,
				1583831F2BE68ED3001FEE73 /* Assets.xcassets in Resources */,
				6330E67E2C18BEFE0052FA7D /* Neck.tflite in Resources */,
				63121E612C1718A5005C1974 /* movenet_thunder.tflite in Resources */,
				632182692BF13343000BCED0 /* GoogleService-Info.plist in Resources */,
				634111D62BFB2F5B00A8FF53 /* .gitattributes in Resources */,
				6330E6782C18BEB60052FA7D /* Body.tflite in Resources */,
				6330E67A2C18BED70052FA7D /* Feet.tflite in Resources */,
				6330E67C2C18BEEC0052FA7D /* Head.tflite in Resources */,
				6330E6802C18BF2C0052FA7D /* Shoulder.tflite in Resources */,
			);
			runOnlyForDeploymentPostprocessing = 0;
		};
/* End PBXResourcesBuildPhase section */

/* Begin PBXShellScriptBuildPhase section */
		0EEDD32C1AE3DBEE7AF7927E /* [CP] Check Pods Manifest.lock */ = {
			isa = PBXShellScriptBuildPhase;
			buildActionMask = 2147483647;
			files = (
			);
			inputFileListPaths = (
			);
			inputPaths = (
				"${PODS_PODFILE_DIR_PATH}/Podfile.lock",
				"${PODS_ROOT}/Manifest.lock",
			);
			name = "[CP] Check Pods Manifest.lock";
			outputFileListPaths = (
			);
			outputPaths = (
				"$(DERIVED_FILE_DIR)/Pods-SitSmartDetection_SwiftUI-checkManifestLockResult.txt",
			);
			runOnlyForDeploymentPostprocessing = 0;
			shellPath = /bin/sh;
			shellScript = "diff \"${PODS_PODFILE_DIR_PATH}/Podfile.lock\" \"${PODS_ROOT}/Manifest.lock\" > /dev/null\nif [ $? != 0 ] ; then\n    # print error to STDERR\n    echo \"error: The sandbox is not in sync with the Podfile.lock. Run 'pod install' or update your CocoaPods installation.\" >&2\n    exit 1\nfi\n# This output is used by Xcode 'outputs' to avoid re-running this script phase.\necho \"SUCCESS\" > \"${SCRIPT_OUTPUT_FILE_0}\"\n";
			showEnvVarsInLog = 0;
		};
/* End PBXShellScriptBuildPhase section */

/* Begin PBXSourcesBuildPhase section */
		158383132BE68ED2001FEE73 /* Sources */ = {
			isa = PBXSourcesBuildPhase;
			buildActionMask = 2147483647;
			files = (
				6330E6682C1875320052FA7D /* PoseData.swift in Sources */,
				6344D8252BF38AD6002E0B18 /* AuthView.swift in Sources */,
				6321826B2BF2780A000BCED0 /* SignupView.swift in Sources */,
				15EBFC052BF0B377009E76AF /* PieChartData.swift in Sources */,
				6B3D697D2BFF5C1D00227C5A /* FriendsScoreRow.swift in Sources */,
				15EBFC052BF0B377009E76AF /* PieChartData.swift in Sources */,
				6330E6842C19DC080052FA7D /* HistoryDataModel.swift in Sources */,
				6330E6732C18885E0052FA7D /* Data+TFLite.swift in Sources */,
				6330E6712C18885E0052FA7D /* CGSize+TFLite.swift in Sources */,
				6B3D69792BFF4FD700227C5A /* MeRow.swift in Sources */,
				6330E6822C18C1E40052FA7D /* postureClassifier.swift in Sources */,
				1583831D2BE68ED2001FEE73 /* ContentView.swift in Sources */,
				6321825C2BF0E593000BCED0 /* DetectionResultData.swift in Sources */,
				6321825A2BF0D5FD000BCED0 /* DetectionView.swift in Sources */,
				6B98B3B42BF38B1E00C57B53 /* HomeView_PieChart.swift in Sources */,
				1555B6352BFC5A1000BBEF69 /* BadgesView.swift in Sources */,
				6330E6722C18885E0052FA7D /* CVPixelBuffer+TFLite.swift in Sources */,
				15EBFBFD2BF0B2A9009E76AF /* HistoryClass.swift in Sources */,
				634112042BFF1B9B00A8FF53 /* ProfileSettingView.swift in Sources */,
				636239602BF700C8007836A7 /* ProfileView.swift in Sources */,
				15EBFC032BF0B35C009E76AF /* LineChartData.swift in Sources */,
				1505BCF42BFD0A9A00F53D7B /* SittingStandardView.swift in Sources */,
				15EBFC032BF0B35C009E76AF /* LineChartData.swift in Sources */,
				158383292BE69CCA001FEE73 /* HistoryView.swift in Sources */,
				15B537D82BF2822100D2A557 /* HomeView.swift in Sources */,
				6330E6752C18A8570052FA7D /* OverlayView.swift in Sources */,
				6330E66A2C1875730052FA7D /* MoveNet.swift in Sources */,
				15EBFC012BF0B342009E76AF /* HistoryLineChart.swift in Sources */,
				6B3D69752BFF26D300227C5A /* FriendsView.swift in Sources */,
				6321826D2BF2781B000BCED0 /* SigninView.swift in Sources */,
				6330E66C2C18759B0052FA7D /* PoseConfig.swift in Sources */,
				6B3D697B2BFF5A8600227C5A /* MeScoreRow.swift in Sources */,
				6BE22D0F2BFDDE1800FCFF06 /* CalProgressRatio.swift in Sources */,
				1555B6372BFC72F600BBEF69 /* BadgesDetailView.swift in Sources */,
				1583831B2BE68ED2001FEE73 /* SitSmartDetection_SwiftUIApp.swift in Sources */,
				63121E692C171B1A005C1974 /* CameraManager.swift in Sources */,
				15EBFBFF2BF0B325009E76AF /* HistoryPieChart.swift in Sources */,
				6330E6662C1874F10052FA7D /* PoseEstimator.swift in Sources */,
				634112062BFF246700A8FF53 /* ProfileCustomizationView.swift in Sources */,
				6B3D69772BFF2A3E00227C5A /* FriendsRow.swift in Sources */,
			);
			runOnlyForDeploymentPostprocessing = 0;
		};
/* End PBXSourcesBuildPhase section */

/* Begin XCBuildConfiguration section */
		158383232BE68ED3001FEE73 /* Debug */ = {
			isa = XCBuildConfiguration;
			buildSettings = {
				ALWAYS_SEARCH_USER_PATHS = NO;
				ASSETCATALOG_COMPILER_GENERATE_SWIFT_ASSET_SYMBOL_EXTENSIONS = YES;
				CLANG_ANALYZER_NONNULL = YES;
				CLANG_ANALYZER_NUMBER_OBJECT_CONVERSION = YES_AGGRESSIVE;
				CLANG_CXX_LANGUAGE_STANDARD = "gnu++20";
				CLANG_ENABLE_MODULES = YES;
				CLANG_ENABLE_OBJC_ARC = YES;
				CLANG_ENABLE_OBJC_WEAK = YES;
				CLANG_WARN_BLOCK_CAPTURE_AUTORELEASING = YES;
				CLANG_WARN_BOOL_CONVERSION = YES;
				CLANG_WARN_COMMA = YES;
				CLANG_WARN_CONSTANT_CONVERSION = YES;
				CLANG_WARN_DEPRECATED_OBJC_IMPLEMENTATIONS = YES;
				CLANG_WARN_DIRECT_OBJC_ISA_USAGE = YES_ERROR;
				CLANG_WARN_DOCUMENTATION_COMMENTS = YES;
				CLANG_WARN_EMPTY_BODY = YES;
				CLANG_WARN_ENUM_CONVERSION = YES;
				CLANG_WARN_INFINITE_RECURSION = YES;
				CLANG_WARN_INT_CONVERSION = YES;
				CLANG_WARN_NON_LITERAL_NULL_CONVERSION = YES;
				CLANG_WARN_OBJC_IMPLICIT_RETAIN_SELF = YES;
				CLANG_WARN_OBJC_LITERAL_CONVERSION = YES;
				CLANG_WARN_OBJC_ROOT_CLASS = YES_ERROR;
				CLANG_WARN_QUOTED_INCLUDE_IN_FRAMEWORK_HEADER = YES;
				CLANG_WARN_RANGE_LOOP_ANALYSIS = YES;
				CLANG_WARN_STRICT_PROTOTYPES = YES;
				CLANG_WARN_SUSPICIOUS_MOVE = YES;
				CLANG_WARN_UNGUARDED_AVAILABILITY = YES_AGGRESSIVE;
				CLANG_WARN_UNREACHABLE_CODE = YES;
				CLANG_WARN__DUPLICATE_METHOD_MATCH = YES;
				COPY_PHASE_STRIP = NO;
				DEBUG_INFORMATION_FORMAT = dwarf;
				ENABLE_STRICT_OBJC_MSGSEND = YES;
				ENABLE_TESTABILITY = YES;
				ENABLE_USER_SCRIPT_SANDBOXING = YES;
				GCC_C_LANGUAGE_STANDARD = gnu17;
				GCC_DYNAMIC_NO_PIC = NO;
				GCC_NO_COMMON_BLOCKS = YES;
				GCC_OPTIMIZATION_LEVEL = 0;
				GCC_PREPROCESSOR_DEFINITIONS = (
					"DEBUG=1",
					"$(inherited)",
				);
				GCC_WARN_64_TO_32_BIT_CONVERSION = YES;
				GCC_WARN_ABOUT_RETURN_TYPE = YES_ERROR;
				GCC_WARN_UNDECLARED_SELECTOR = YES;
				GCC_WARN_UNINITIALIZED_AUTOS = YES_AGGRESSIVE;
				GCC_WARN_UNUSED_FUNCTION = YES;
				GCC_WARN_UNUSED_VARIABLE = YES;
				IPHONEOS_DEPLOYMENT_TARGET = 17.4;
				LOCALIZATION_PREFERS_STRING_CATALOGS = YES;
				MTL_ENABLE_DEBUG_INFO = INCLUDE_SOURCE;
				MTL_FAST_MATH = YES;
				ONLY_ACTIVE_ARCH = YES;
				SDKROOT = iphoneos;
				SWIFT_ACTIVE_COMPILATION_CONDITIONS = "DEBUG $(inherited)";
				SWIFT_OPTIMIZATION_LEVEL = "-Onone";
			};
			name = Debug;
		};
		158383242BE68ED3001FEE73 /* Release */ = {
			isa = XCBuildConfiguration;
			buildSettings = {
				ALWAYS_SEARCH_USER_PATHS = NO;
				ASSETCATALOG_COMPILER_GENERATE_SWIFT_ASSET_SYMBOL_EXTENSIONS = YES;
				CLANG_ANALYZER_NONNULL = YES;
				CLANG_ANALYZER_NUMBER_OBJECT_CONVERSION = YES_AGGRESSIVE;
				CLANG_CXX_LANGUAGE_STANDARD = "gnu++20";
				CLANG_ENABLE_MODULES = YES;
				CLANG_ENABLE_OBJC_ARC = YES;
				CLANG_ENABLE_OBJC_WEAK = YES;
				CLANG_WARN_BLOCK_CAPTURE_AUTORELEASING = YES;
				CLANG_WARN_BOOL_CONVERSION = YES;
				CLANG_WARN_COMMA = YES;
				CLANG_WARN_CONSTANT_CONVERSION = YES;
				CLANG_WARN_DEPRECATED_OBJC_IMPLEMENTATIONS = YES;
				CLANG_WARN_DIRECT_OBJC_ISA_USAGE = YES_ERROR;
				CLANG_WARN_DOCUMENTATION_COMMENTS = YES;
				CLANG_WARN_EMPTY_BODY = YES;
				CLANG_WARN_ENUM_CONVERSION = YES;
				CLANG_WARN_INFINITE_RECURSION = YES;
				CLANG_WARN_INT_CONVERSION = YES;
				CLANG_WARN_NON_LITERAL_NULL_CONVERSION = YES;
				CLANG_WARN_OBJC_IMPLICIT_RETAIN_SELF = YES;
				CLANG_WARN_OBJC_LITERAL_CONVERSION = YES;
				CLANG_WARN_OBJC_ROOT_CLASS = YES_ERROR;
				CLANG_WARN_QUOTED_INCLUDE_IN_FRAMEWORK_HEADER = YES;
				CLANG_WARN_RANGE_LOOP_ANALYSIS = YES;
				CLANG_WARN_STRICT_PROTOTYPES = YES;
				CLANG_WARN_SUSPICIOUS_MOVE = YES;
				CLANG_WARN_UNGUARDED_AVAILABILITY = YES_AGGRESSIVE;
				CLANG_WARN_UNREACHABLE_CODE = YES;
				CLANG_WARN__DUPLICATE_METHOD_MATCH = YES;
				COPY_PHASE_STRIP = NO;
				DEBUG_INFORMATION_FORMAT = "dwarf-with-dsym";
				ENABLE_NS_ASSERTIONS = NO;
				ENABLE_STRICT_OBJC_MSGSEND = YES;
				ENABLE_USER_SCRIPT_SANDBOXING = YES;
				GCC_C_LANGUAGE_STANDARD = gnu17;
				GCC_NO_COMMON_BLOCKS = YES;
				GCC_WARN_64_TO_32_BIT_CONVERSION = YES;
				GCC_WARN_ABOUT_RETURN_TYPE = YES_ERROR;
				GCC_WARN_UNDECLARED_SELECTOR = YES;
				GCC_WARN_UNINITIALIZED_AUTOS = YES_AGGRESSIVE;
				GCC_WARN_UNUSED_FUNCTION = YES;
				GCC_WARN_UNUSED_VARIABLE = YES;
				IPHONEOS_DEPLOYMENT_TARGET = 17.4;
				LOCALIZATION_PREFERS_STRING_CATALOGS = YES;
				MTL_ENABLE_DEBUG_INFO = NO;
				MTL_FAST_MATH = YES;
				SDKROOT = iphoneos;
				SWIFT_COMPILATION_MODE = wholemodule;
				VALIDATE_PRODUCT = YES;
			};
			name = Release;
		};
		158383262BE68ED3001FEE73 /* Debug */ = {
			isa = XCBuildConfiguration;
			baseConfigurationReference = BD6A6F4C9FABF03EBFD11F7B /* Pods-SitSmartDetection_SwiftUI.debug.xcconfig */;
			buildSettings = {
				ASSETCATALOG_COMPILER_APPICON_NAME = AppIcon;
				ASSETCATALOG_COMPILER_GLOBAL_ACCENT_COLOR_NAME = AccentColor;
				CODE_SIGN_STYLE = Automatic;
				CURRENT_PROJECT_VERSION = 1;
				DEVELOPMENT_ASSET_PATHS = "\"SitSmartDetection_SwiftUI/Preview Content\"";
				DEVELOPMENT_TEAM = A5Z78GSVQ8;
				ENABLE_PREVIEWS = YES;
				GENERATE_INFOPLIST_FILE = YES;
				INFOPLIST_FILE = "SitSmartDetection-SwiftUI-Info.plist";
				INFOPLIST_KEY_NSCameraUsageDescription = "Camera required for detection";
				INFOPLIST_KEY_NSLocalNetworkUsageDescription = "需要訪問本地網絡以進行姿態估計。";
				INFOPLIST_KEY_NSPhotoLibraryUsageDescription = "For testing";
				INFOPLIST_KEY_UIApplicationSceneManifest_Generation = YES;
				INFOPLIST_KEY_UIApplicationSupportsIndirectInputEvents = YES;
				INFOPLIST_KEY_UILaunchScreen_Generation = YES;
				INFOPLIST_KEY_UISupportedInterfaceOrientations_iPad = "UIInterfaceOrientationPortrait UIInterfaceOrientationPortraitUpsideDown UIInterfaceOrientationLandscapeLeft UIInterfaceOrientationLandscapeRight";
				INFOPLIST_KEY_UISupportedInterfaceOrientations_iPhone = "UIInterfaceOrientationPortrait UIInterfaceOrientationLandscapeLeft UIInterfaceOrientationLandscapeRight";
				LD_RUNPATH_SEARCH_PATHS = (
					"$(inherited)",
					"@executable_path/Frameworks",
				);
				MARKETING_VERSION = 1.0;
				PRODUCT_BUNDLE_IDENTIFIER = "SunnyChan.SitSmartDetection-SwiftUI";
				PRODUCT_NAME = "$(TARGET_NAME)";
				SWIFT_EMIT_LOC_STRINGS = YES;
				SWIFT_VERSION = 5.0;
				TARGETED_DEVICE_FAMILY = "1,2";
			};
			name = Debug;
		};
		158383272BE68ED3001FEE73 /* Release */ = {
			isa = XCBuildConfiguration;
			baseConfigurationReference = D678F5C4C95F661A2B6E704F /* Pods-SitSmartDetection_SwiftUI.release.xcconfig */;
			buildSettings = {
				ASSETCATALOG_COMPILER_APPICON_NAME = AppIcon;
				ASSETCATALOG_COMPILER_GLOBAL_ACCENT_COLOR_NAME = AccentColor;
				CODE_SIGN_STYLE = Automatic;
				CURRENT_PROJECT_VERSION = 1;
				DEVELOPMENT_ASSET_PATHS = "\"SitSmartDetection_SwiftUI/Preview Content\"";
				DEVELOPMENT_TEAM = A5Z78GSVQ8;
				ENABLE_PREVIEWS = YES;
				GENERATE_INFOPLIST_FILE = YES;
				INFOPLIST_FILE = "SitSmartDetection-SwiftUI-Info.plist";
				INFOPLIST_KEY_NSCameraUsageDescription = "Camera required for detection";
				INFOPLIST_KEY_NSLocalNetworkUsageDescription = "需要訪問本地網絡以進行姿態估計。";
				INFOPLIST_KEY_NSPhotoLibraryUsageDescription = "For testing";
				INFOPLIST_KEY_UIApplicationSceneManifest_Generation = YES;
				INFOPLIST_KEY_UIApplicationSupportsIndirectInputEvents = YES;
				INFOPLIST_KEY_UILaunchScreen_Generation = YES;
				INFOPLIST_KEY_UISupportedInterfaceOrientations_iPad = "UIInterfaceOrientationPortrait UIInterfaceOrientationPortraitUpsideDown UIInterfaceOrientationLandscapeLeft UIInterfaceOrientationLandscapeRight";
				INFOPLIST_KEY_UISupportedInterfaceOrientations_iPhone = "UIInterfaceOrientationPortrait UIInterfaceOrientationLandscapeLeft UIInterfaceOrientationLandscapeRight";
				LD_RUNPATH_SEARCH_PATHS = (
					"$(inherited)",
					"@executable_path/Frameworks",
				);
				MARKETING_VERSION = 1.0;
				PRODUCT_BUNDLE_IDENTIFIER = "SunnyChan.SitSmartDetection-SwiftUI";
				PRODUCT_NAME = "$(TARGET_NAME)";
				SWIFT_EMIT_LOC_STRINGS = YES;
				SWIFT_VERSION = 5.0;
				TARGETED_DEVICE_FAMILY = "1,2";
			};
			name = Release;
		};
/* End XCBuildConfiguration section */

/* Begin XCConfigurationList section */
		158383122BE68ED2001FEE73 /* Build configuration list for PBXProject "SitSmartDetection_SwiftUI" */ = {
			isa = XCConfigurationList;
			buildConfigurations = (
				158383232BE68ED3001FEE73 /* Debug */,
				158383242BE68ED3001FEE73 /* Release */,
			);
			defaultConfigurationIsVisible = 0;
			defaultConfigurationName = Release;
		};
		158383252BE68ED3001FEE73 /* Build configuration list for PBXNativeTarget "SitSmartDetection_SwiftUI" */ = {
			isa = XCConfigurationList;
			buildConfigurations = (
				158383262BE68ED3001FEE73 /* Debug */,
				158383272BE68ED3001FEE73 /* Release */,
			);
			defaultConfigurationIsVisible = 0;
			defaultConfigurationName = Release;
		};
/* End XCConfigurationList section */

/* Begin XCRemoteSwiftPackageReference section */
		632182612BF12AFB000BCED0 /* XCRemoteSwiftPackageReference "firebase-ios-sdk" */ = {
			isa = XCRemoteSwiftPackageReference;
			repositoryURL = "https://github.com/firebase/firebase-ios-sdk";
			requirement = {
				kind = upToNextMajorVersion;
				minimumVersion = 10.25.0;
			};
		};
/* End XCRemoteSwiftPackageReference section */

/* Begin XCSwiftPackageProductDependency section */
		634111D72BFB355A00A8FF53 /* FirebaseAuth */ = {
			isa = XCSwiftPackageProductDependency;
			package = 632182612BF12AFB000BCED0 /* XCRemoteSwiftPackageReference "firebase-ios-sdk" */;
			productName = FirebaseAuth;
		};
		634111D92BFB355A00A8FF53 /* FirebaseFirestoreSwift */ = {
			isa = XCSwiftPackageProductDependency;
			package = 632182612BF12AFB000BCED0 /* XCRemoteSwiftPackageReference "firebase-ios-sdk" */;
			productName = FirebaseFirestoreSwift;
		};
		634111DB2BFB355A00A8FF53 /* FirebaseStorage */ = {
			isa = XCSwiftPackageProductDependency;
			package = 632182612BF12AFB000BCED0 /* XCRemoteSwiftPackageReference "firebase-ios-sdk" */;
			productName = FirebaseStorage;
		};
/* End XCSwiftPackageProductDependency section */
	};
	rootObject = 1583830F2BE68ED2001FEE73 /* Project object */;
}
